// !$*UTF8*$!
{
	archiveVersion = 1;
	classes = {
	};
	objectVersion = 56;
	objects = {

/* Begin PBXBuildFile section */
		0EE0E23E2A21EF9E0050A2FF /* MusicKitAppApp.swift in Sources */ = {isa = PBXBuildFile; fileRef = 0EE0E23D2A21EF9E0050A2FF /* MusicKitAppApp.swift */; };
		0EE0E2402A21EF9E0050A2FF /* ContentView.swift in Sources */ = {isa = PBXBuildFile; fileRef = 0EE0E23F2A21EF9E0050A2FF /* ContentView.swift */; };
		0EE0E2422A21EF9E0050A2FF /* Assets.xcassets in Resources */ = {isa = PBXBuildFile; fileRef = 0EE0E2412A21EF9E0050A2FF /* Assets.xcassets */; };
		0EE0E2452A21EF9E0050A2FF /* Preview Assets.xcassets in Resources */ = {isa = PBXBuildFile; fileRef = 0EE0E2442A21EF9E0050A2FF /* Preview Assets.xcassets */; };
		0EE0E2522A21F0C00050A2FF /* PlayButtonStyle.swift in Sources */ = {isa = PBXBuildFile; fileRef = 0EE0E2512A21F0C00050A2FF /* PlayButtonStyle.swift */; };
		0EE0E2542A21F0DC0050A2FF /* ResignKeyboardOnDragGesture.swift in Sources */ = {isa = PBXBuildFile; fileRef = 0EE0E2532A21F0DC0050A2FF /* ResignKeyboardOnDragGesture.swift */; };
		0EE0E2562A21F1090050A2FF /* MusicKitAuthorizationModel.swift in Sources */ = {isa = PBXBuildFile; fileRef = 0EE0E2552A21F1090050A2FF /* MusicKitAuthorizationModel.swift */; };
		0EE0E2582A21F1240050A2FF /* RecentlyPlayedViewModel.swift in Sources */ = {isa = PBXBuildFile; fileRef = 0EE0E2572A21F1240050A2FF /* RecentlyPlayedViewModel.swift */; };
		0EE0E25A2A21F1410050A2FF /* LibrarySearchViewModel.swift in Sources */ = {isa = PBXBuildFile; fileRef = 0EE0E2592A21F1410050A2FF /* LibrarySearchViewModel.swift */; };
		0EE0E25C2A21F1690050A2FF /* MusicPlayerModel.swift in Sources */ = {isa = PBXBuildFile; fileRef = 0EE0E25B2A21F1690050A2FF /* MusicPlayerModel.swift */; };
		0EE0E25E2A21F1AD0050A2FF /* PlayButton.swift in Sources */ = {isa = PBXBuildFile; fileRef = 0EE0E25D2A21F1AD0050A2FF /* PlayButton.swift */; };
		0EE0E2602A21F1DA0050A2FF /* RecentlyPlayedView.swift in Sources */ = {isa = PBXBuildFile; fileRef = 0EE0E25F2A21F1DA0050A2FF /* RecentlyPlayedView.swift */; };
		0EE0E2622A21F2050050A2FF /* LibraryView.swift in Sources */ = {isa = PBXBuildFile; fileRef = 0EE0E2612A21F2050050A2FF /* LibraryView.swift */; };
		0EE0E2642A21F22A0050A2FF /* AlbumDetailView.swift in Sources */ = {isa = PBXBuildFile; fileRef = 0EE0E2632A21F22A0050A2FF /* AlbumDetailView.swift */; };
		0EE0E2662A21F2450050A2FF /* PlaylistDetailView.swift in Sources */ = {isa = PBXBuildFile; fileRef = 0EE0E2652A21F2450050A2FF /* PlaylistDetailView.swift */; };
		0EE0E2682A21F2670050A2FF /* AlbumCell.swift in Sources */ = {isa = PBXBuildFile; fileRef = 0EE0E2672A21F2670050A2FF /* AlbumCell.swift */; };
		0EE0E26A2A21F2800050A2FF /* MusicItemCell.swift in Sources */ = {isa = PBXBuildFile; fileRef = 0EE0E2692A21F2800050A2FF /* MusicItemCell.swift */; };
		0EE0E26C2A21F2A20050A2FF /* PlaylistCell.swift in Sources */ = {isa = PBXBuildFile; fileRef = 0EE0E26B2A21F2A20050A2FF /* PlaylistCell.swift */; };
		0EE0E26E2A21F2BB0050A2FF /* RecentlyPlayedCell.swift in Sources */ = {isa = PBXBuildFile; fileRef = 0EE0E26D2A21F2BB0050A2FF /* RecentlyPlayedCell.swift */; };
		0EE0E2702A21F2E20050A2FF /* TrackCell.swift in Sources */ = {isa = PBXBuildFile; fileRef = 0EE0E26F2A21F2E20050A2FF /* TrackCell.swift */; };
		0EE0E2722A21F3160050A2FF /* NowPlayingCell.swift in Sources */ = {isa = PBXBuildFile; fileRef = 0EE0E2712A21F3160050A2FF /* NowPlayingCell.swift */; };
		0EE0E2742A21F3670050A2FF /* Blur.swift in Sources */ = {isa = PBXBuildFile; fileRef = 0EE0E2732A21F3670050A2FF /* Blur.swift */; };
		0EE0E2762A21F3810050A2FF /* StationCell.swift in Sources */ = {isa = PBXBuildFile; fileRef = 0EE0E2752A21F3810050A2FF /* StationCell.swift */; };
/* End PBXBuildFile section */

/* Begin PBXFileReference section */
		0EE0E23A2A21EF9E0050A2FF /* MusicKitApp.app */ = {isa = PBXFileReference; explicitFileType = wrapper.application; includeInIndex = 0; path = MusicKitApp.app; sourceTree = BUILT_PRODUCTS_DIR; };
		0EE0E23D2A21EF9E0050A2FF /* MusicKitAppApp.swift */ = {isa = PBXFileReference; lastKnownFileType = sourcecode.swift; path = MusicKitAppApp.swift; sourceTree = "<group>"; };
		0EE0E23F2A21EF9E0050A2FF /* ContentView.swift */ = {isa = PBXFileReference; lastKnownFileType = sourcecode.swift; path = ContentView.swift; sourceTree = "<group>"; };
		0EE0E2412A21EF9E0050A2FF /* Assets.xcassets */ = {isa = PBXFileReference; lastKnownFileType = folder.assetcatalog; path = Assets.xcassets; sourceTree = "<group>"; };
		0EE0E2442A21EF9E0050A2FF /* Preview Assets.xcassets */ = {isa = PBXFileReference; lastKnownFileType = folder.assetcatalog; path = "Preview Assets.xcassets"; sourceTree = "<group>"; };
		0EE0E2512A21F0C00050A2FF /* PlayButtonStyle.swift */ = {isa = PBXFileReference; lastKnownFileType = sourcecode.swift; path = PlayButtonStyle.swift; sourceTree = "<group>"; };
		0EE0E2532A21F0DC0050A2FF /* ResignKeyboardOnDragGesture.swift */ = {isa = PBXFileReference; lastKnownFileType = sourcecode.swift; path = ResignKeyboardOnDragGesture.swift; sourceTree = "<group>"; };
		0EE0E2552A21F1090050A2FF /* MusicKitAuthorizationModel.swift */ = {isa = PBXFileReference; lastKnownFileType = sourcecode.swift; path = MusicKitAuthorizationModel.swift; sourceTree = "<group>"; };
		0EE0E2572A21F1240050A2FF /* RecentlyPlayedViewModel.swift */ = {isa = PBXFileReference; lastKnownFileType = sourcecode.swift; path = RecentlyPlayedViewModel.swift; sourceTree = "<group>"; };
		0EE0E2592A21F1410050A2FF /* LibrarySearchViewModel.swift */ = {isa = PBXFileReference; lastKnownFileType = sourcecode.swift; path = LibrarySearchViewModel.swift; sourceTree = "<group>"; };
		0EE0E25B2A21F1690050A2FF /* MusicPlayerModel.swift */ = {isa = PBXFileReference; lastKnownFileType = sourcecode.swift; path = MusicPlayerModel.swift; sourceTree = "<group>"; };
		0EE0E25D2A21F1AD0050A2FF /* PlayButton.swift */ = {isa = PBXFileReference; lastKnownFileType = sourcecode.swift; path = PlayButton.swift; sourceTree = "<group>"; };
		0EE0E25F2A21F1DA0050A2FF /* RecentlyPlayedView.swift */ = {isa = PBXFileReference; lastKnownFileType = sourcecode.swift; path = RecentlyPlayedView.swift; sourceTree = "<group>"; };
		0EE0E2612A21F2050050A2FF /* LibraryView.swift */ = {isa = PBXFileReference; lastKnownFileType = sourcecode.swift; path = LibraryView.swift; sourceTree = "<group>"; };
		0EE0E2632A21F22A0050A2FF /* AlbumDetailView.swift */ = {isa = PBXFileReference; lastKnownFileType = sourcecode.swift; path = AlbumDetailView.swift; sourceTree = "<group>"; };
		0EE0E2652A21F2450050A2FF /* PlaylistDetailView.swift */ = {isa = PBXFileReference; lastKnownFileType = sourcecode.swift; path = PlaylistDetailView.swift; sourceTree = "<group>"; };
		0EE0E2672A21F2670050A2FF /* AlbumCell.swift */ = {isa = PBXFileReference; lastKnownFileType = sourcecode.swift; path = AlbumCell.swift; sourceTree = "<group>"; };
		0EE0E2692A21F2800050A2FF /* MusicItemCell.swift */ = {isa = PBXFileReference; lastKnownFileType = sourcecode.swift; path = MusicItemCell.swift; sourceTree = "<group>"; };
		0EE0E26B2A21F2A20050A2FF /* PlaylistCell.swift */ = {isa = PBXFileReference; lastKnownFileType = sourcecode.swift; path = PlaylistCell.swift; sourceTree = "<group>"; };
		0EE0E26D2A21F2BB0050A2FF /* RecentlyPlayedCell.swift */ = {isa = PBXFileReference; lastKnownFileType = sourcecode.swift; path = RecentlyPlayedCell.swift; sourceTree = "<group>"; };
		0EE0E26F2A21F2E20050A2FF /* TrackCell.swift */ = {isa = PBXFileReference; lastKnownFileType = sourcecode.swift; path = TrackCell.swift; sourceTree = "<group>"; };
		0EE0E2712A21F3160050A2FF /* NowPlayingCell.swift */ = {isa = PBXFileReference; lastKnownFileType = sourcecode.swift; path = NowPlayingCell.swift; sourceTree = "<group>"; };
		0EE0E2732A21F3670050A2FF /* Blur.swift */ = {isa = PBXFileReference; lastKnownFileType = sourcecode.swift; path = Blur.swift; sourceTree = "<group>"; };
		0EE0E2752A21F3810050A2FF /* StationCell.swift */ = {isa = PBXFileReference; lastKnownFileType = sourcecode.swift; path = StationCell.swift; sourceTree = "<group>"; };
/* End PBXFileReference section */

/* Begin PBXFrameworksBuildPhase section */
		0EE0E2372A21EF9E0050A2FF /* Frameworks */ = {
			isa = PBXFrameworksBuildPhase;
			buildActionMask = 2147483647;
			files = (
			);
			runOnlyForDeploymentPostprocessing = 0;
		};
/* End PBXFrameworksBuildPhase section */

/* Begin PBXGroup section */
		0EE0E2312A21EF9E0050A2FF = {
			isa = PBXGroup;
			children = (
				0EE0E23C2A21EF9E0050A2FF /* MusicKitApp */,
				0EE0E23B2A21EF9E0050A2FF /* Products */,
			);
			sourceTree = "<group>";
		};
		0EE0E23B2A21EF9E0050A2FF /* Products */ = {
			isa = PBXGroup;
			children = (
				0EE0E23A2A21EF9E0050A2FF /* MusicKitApp.app */,
			);
			name = Products;
			sourceTree = "<group>";
		};
		0EE0E23C2A21EF9E0050A2FF /* MusicKitApp */ = {
			isa = PBXGroup;
			children = (
				0EE0E23D2A21EF9E0050A2FF /* MusicKitAppApp.swift */,
				0EE0E24B2A21EFBE0050A2FF /* Helpers */,
				0EE0E24C2A21EFCA0050A2FF /* Models */,
				0EE0E24D2A21EFD50050A2FF /* Playback */,
				0EE0E24E2A21EFE00050A2FF /* Views */,
				0EE0E24F2A21EFEC0050A2FF /* Detail Views */,
				0EE0E2502A21EFF60050A2FF /* Cells */,
				0EE0E2412A21EF9E0050A2FF /* Assets.xcassets */,
				0EE0E2432A21EF9E0050A2FF /* Preview Content */,
			);
			path = MusicKitApp;
			sourceTree = "<group>";
		};
		0EE0E2432A21EF9E0050A2FF /* Preview Content */ = {
			isa = PBXGroup;
			children = (
				0EE0E2442A21EF9E0050A2FF /* Preview Assets.xcassets */,
			);
			path = "Preview Content";
			sourceTree = "<group>";
		};
		0EE0E24B2A21EFBE0050A2FF /* Helpers */ = {
			isa = PBXGroup;
			children = (
				0EE0E2512A21F0C00050A2FF /* PlayButtonStyle.swift */,
				0EE0E2532A21F0DC0050A2FF /* ResignKeyboardOnDragGesture.swift */,
			);
			path = Helpers;
			sourceTree = "<group>";
		};
		0EE0E24C2A21EFCA0050A2FF /* Models */ = {
			isa = PBXGroup;
			children = (
				0EE0E2552A21F1090050A2FF /* MusicKitAuthorizationModel.swift */,
				0EE0E2572A21F1240050A2FF /* RecentlyPlayedViewModel.swift */,
				0EE0E2592A21F1410050A2FF /* LibrarySearchViewModel.swift */,
				0EE0E25B2A21F1690050A2FF /* MusicPlayerModel.swift */,
			);
			path = Models;
			sourceTree = "<group>";
		};
		0EE0E24D2A21EFD50050A2FF /* Playback */ = {
			isa = PBXGroup;
			children = (
				0EE0E25D2A21F1AD0050A2FF /* PlayButton.swift */,
			);
			path = Playback;
			sourceTree = "<group>";
		};
		0EE0E24E2A21EFE00050A2FF /* Views */ = {
			isa = PBXGroup;
			children = (
				0EE0E23F2A21EF9E0050A2FF /* ContentView.swift */,
				0EE0E25F2A21F1DA0050A2FF /* RecentlyPlayedView.swift */,
				0EE0E2612A21F2050050A2FF /* LibraryView.swift */,
			);
			path = Views;
			sourceTree = "<group>";
		};
		0EE0E24F2A21EFEC0050A2FF /* Detail Views */ = {
			isa = PBXGroup;
			children = (
				0EE0E2632A21F22A0050A2FF /* AlbumDetailView.swift */,
				0EE0E2652A21F2450050A2FF /* PlaylistDetailView.swift */,
			);
			path = "Detail Views";
			sourceTree = "<group>";
		};
		0EE0E2502A21EFF60050A2FF /* Cells */ = {
			isa = PBXGroup;
			children = (
				0EE0E2672A21F2670050A2FF /* AlbumCell.swift */,
				0EE0E2692A21F2800050A2FF /* MusicItemCell.swift */,
				0EE0E26B2A21F2A20050A2FF /* PlaylistCell.swift */,
				0EE0E26D2A21F2BB0050A2FF /* RecentlyPlayedCell.swift */,
				0EE0E26F2A21F2E20050A2FF /* TrackCell.swift */,
				0EE0E2712A21F3160050A2FF /* NowPlayingCell.swift */,
				0EE0E2732A21F3670050A2FF /* Blur.swift */,
				0EE0E2752A21F3810050A2FF /* StationCell.swift */,
			);
			path = Cells;
			sourceTree = "<group>";
		};
/* End PBXGroup section */

/* Begin PBXNativeTarget section */
		0EE0E2392A21EF9E0050A2FF /* MusicKitApp */ = {
			isa = PBXNativeTarget;
			buildConfigurationList = 0EE0E2482A21EF9E0050A2FF /* Build configuration list for PBXNativeTarget "MusicKitApp" */;
			buildPhases = (
				0EE0E2362A21EF9E0050A2FF /* Sources */,
				0EE0E2372A21EF9E0050A2FF /* Frameworks */,
				0EE0E2382A21EF9E0050A2FF /* Resources */,
			);
			buildRules = (
			);
			dependencies = (
			);
			name = MusicKitApp;
			productName = MusicKitApp;
			productReference = 0EE0E23A2A21EF9E0050A2FF /* MusicKitApp.app */;
			productType = "com.apple.product-type.application";
		};
/* End PBXNativeTarget section */

/* Begin PBXProject section */
		0EE0E2322A21EF9E0050A2FF /* Project object */ = {
			isa = PBXProject;
			attributes = {
				BuildIndependentTargetsInParallel = 1;
				LastSwiftUpdateCheck = 1430;
				LastUpgradeCheck = 1430;
				TargetAttributes = {
					0EE0E2392A21EF9E0050A2FF = {
						CreatedOnToolsVersion = 14.3;
					};
				};
			};
			buildConfigurationList = 0EE0E2352A21EF9E0050A2FF /* Build configuration list for PBXProject "MusicKitApp" */;
			compatibilityVersion = "Xcode 14.0";
			developmentRegion = en;
			hasScannedForEncodings = 0;
			knownRegions = (
				en,
				Base,
			);
			mainGroup = 0EE0E2312A21EF9E0050A2FF;
			productRefGroup = 0EE0E23B2A21EF9E0050A2FF /* Products */;
			projectDirPath = "";
			projectRoot = "";
			targets = (
				0EE0E2392A21EF9E0050A2FF /* MusicKitApp */,
			);
		};
/* End PBXProject section */

/* Begin PBXResourcesBuildPhase section */
		0EE0E2382A21EF9E0050A2FF /* Resources */ = {
			isa = PBXResourcesBuildPhase;
			buildActionMask = 2147483647;
			files = (
				0EE0E2452A21EF9E0050A2FF /* Preview Assets.xcassets in Resources */,
				0EE0E2422A21EF9E0050A2FF /* Assets.xcassets in Resources */,
			);
			runOnlyForDeploymentPostprocessing = 0;
		};
/* End PBXResourcesBuildPhase section */

/* Begin PBXSourcesBuildPhase section */
		0EE0E2362A21EF9E0050A2FF /* Sources */ = {
			isa = PBXSourcesBuildPhase;
			buildActionMask = 2147483647;
			files = (
				0EE0E26E2A21F2BB0050A2FF /* RecentlyPlayedCell.swift in Sources */,
				0EE0E25C2A21F1690050A2FF /* MusicPlayerModel.swift in Sources */,
				0EE0E2762A21F3810050A2FF /* StationCell.swift in Sources */,
				0EE0E2742A21F3670050A2FF /* Blur.swift in Sources */,
				0EE0E2522A21F0C00050A2FF /* PlayButtonStyle.swift in Sources */,
				0EE0E25E2A21F1AD0050A2FF /* PlayButton.swift in Sources */,
				0EE0E2682A21F2670050A2FF /* AlbumCell.swift in Sources */,
				0EE0E25A2A21F1410050A2FF /* LibrarySearchViewModel.swift in Sources */,
				0EE0E2542A21F0DC0050A2FF /* ResignKeyboardOnDragGesture.swift in Sources */,
				0EE0E2562A21F1090050A2FF /* MusicKitAuthorizationModel.swift in Sources */,
				0EE0E2402A21EF9E0050A2FF /* ContentView.swift in Sources */,
				0EE0E2642A21F22A0050A2FF /* AlbumDetailView.swift in Sources */,
				0EE0E26A2A21F2800050A2FF /* MusicItemCell.swift in Sources */,
				0EE0E2702A21F2E20050A2FF /* TrackCell.swift in Sources */,
				0EE0E2622A21F2050050A2FF /* LibraryView.swift in Sources */,
				0EE0E2602A21F1DA0050A2FF /* RecentlyPlayedView.swift in Sources */,
				0EE0E23E2A21EF9E0050A2FF /* MusicKitAppApp.swift in Sources */,
				0EE0E2582A21F1240050A2FF /* RecentlyPlayedViewModel.swift in Sources */,
				0EE0E2662A21F2450050A2FF /* PlaylistDetailView.swift in Sources */,
				0EE0E2722A21F3160050A2FF /* NowPlayingCell.swift in Sources */,
				0EE0E26C2A21F2A20050A2FF /* PlaylistCell.swift in Sources */,
			);
			runOnlyForDeploymentPostprocessing = 0;
		};
/* End PBXSourcesBuildPhase section */

/* Begin XCBuildConfiguration section */
		0EE0E2462A21EF9E0050A2FF /* Debug */ = {
			isa = XCBuildConfiguration;
			buildSettings = {
				ALWAYS_SEARCH_USER_PATHS = NO;
				CLANG_ANALYZER_NONNULL = YES;
				CLANG_ANALYZER_NUMBER_OBJECT_CONVERSION = YES_AGGRESSIVE;
				CLANG_CXX_LANGUAGE_STANDARD = "gnu++20";
				CLANG_ENABLE_MODULES = YES;
				CLANG_ENABLE_OBJC_ARC = YES;
				CLANG_ENABLE_OBJC_WEAK = YES;
				CLANG_WARN_BLOCK_CAPTURE_AUTORELEASING = YES;
				CLANG_WARN_BOOL_CONVERSION = YES;
				CLANG_WARN_COMMA = YES;
				CLANG_WARN_CONSTANT_CONVERSION = YES;
				CLANG_WARN_DEPRECATED_OBJC_IMPLEMENTATIONS = YES;
				CLANG_WARN_DIRECT_OBJC_ISA_USAGE = YES_ERROR;
				CLANG_WARN_DOCUMENTATION_COMMENTS = YES;
				CLANG_WARN_EMPTY_BODY = YES;
				CLANG_WARN_ENUM_CONVERSION = YES;
				CLANG_WARN_INFINITE_RECURSION = YES;
				CLANG_WARN_INT_CONVERSION = YES;
				CLANG_WARN_NON_LITERAL_NULL_CONVERSION = YES;
				CLANG_WARN_OBJC_IMPLICIT_RETAIN_SELF = YES;
				CLANG_WARN_OBJC_LITERAL_CONVERSION = YES;
				CLANG_WARN_OBJC_ROOT_CLASS = YES_ERROR;
				CLANG_WARN_QUOTED_INCLUDE_IN_FRAMEWORK_HEADER = YES;
				CLANG_WARN_RANGE_LOOP_ANALYSIS = YES;
				CLANG_WARN_STRICT_PROTOTYPES = YES;
				CLANG_WARN_SUSPICIOUS_MOVE = YES;
				CLANG_WARN_UNGUARDED_AVAILABILITY = YES_AGGRESSIVE;
				CLANG_WARN_UNREACHABLE_CODE = YES;
				CLANG_WARN__DUPLICATE_METHOD_MATCH = YES;
				COPY_PHASE_STRIP = NO;
				DEBUG_INFORMATION_FORMAT = dwarf;
				ENABLE_STRICT_OBJC_MSGSEND = YES;
				ENABLE_TESTABILITY = YES;
				GCC_C_LANGUAGE_STANDARD = gnu11;
				GCC_DYNAMIC_NO_PIC = NO;
				GCC_NO_COMMON_BLOCKS = YES;
				GCC_OPTIMIZATION_LEVEL = 0;
				GCC_PREPROCESSOR_DEFINITIONS = (
					"DEBUG=1",
					"$(inherited)",
				);
				GCC_WARN_64_TO_32_BIT_CONVERSION = YES;
				GCC_WARN_ABOUT_RETURN_TYPE = YES_ERROR;
				GCC_WARN_UNDECLARED_SELECTOR = YES;
				GCC_WARN_UNINITIALIZED_AUTOS = YES_AGGRESSIVE;
				GCC_WARN_UNUSED_FUNCTION = YES;
				GCC_WARN_UNUSED_VARIABLE = YES;
				IPHONEOS_DEPLOYMENT_TARGET = 16.4;
				MTL_ENABLE_DEBUG_INFO = INCLUDE_SOURCE;
				MTL_FAST_MATH = YES;
				ONLY_ACTIVE_ARCH = YES;
				SDKROOT = iphoneos;
				SWIFT_ACTIVE_COMPILATION_CONDITIONS = DEBUG;
				SWIFT_OPTIMIZATION_LEVEL = "-Onone";
			};
			name = Debug;
		};
		0EE0E2472A21EF9E0050A2FF /* Release */ = {
			isa = XCBuildConfiguration;
			buildSettings = {
				ALWAYS_SEARCH_USER_PATHS = NO;
				CLANG_ANALYZER_NONNULL = YES;
				CLANG_ANALYZER_NUMBER_OBJECT_CONVERSION = YES_AGGRESSIVE;
				CLANG_CXX_LANGUAGE_STANDARD = "gnu++20";
				CLANG_ENABLE_MODULES = YES;
				CLANG_ENABLE_OBJC_ARC = YES;
				CLANG_ENABLE_OBJC_WEAK = YES;
				CLANG_WARN_BLOCK_CAPTURE_AUTORELEASING = YES;
				CLANG_WARN_BOOL_CONVERSION = YES;
				CLANG_WARN_COMMA = YES;
				CLANG_WARN_CONSTANT_CONVERSION = YES;
				CLANG_WARN_DEPRECATED_OBJC_IMPLEMENTATIONS = YES;
				CLANG_WARN_DIRECT_OBJC_ISA_USAGE = YES_ERROR;
				CLANG_WARN_DOCUMENTATION_COMMENTS = YES;
				CLANG_WARN_EMPTY_BODY = YES;
				CLANG_WARN_ENUM_CONVERSION = YES;
				CLANG_WARN_INFINITE_RECURSION = YES;
				CLANG_WARN_INT_CONVERSION = YES;
				CLANG_WARN_NON_LITERAL_NULL_CONVERSION = YES;
				CLANG_WARN_OBJC_IMPLICIT_RETAIN_SELF = YES;
				CLANG_WARN_OBJC_LITERAL_CONVERSION = YES;
				CLANG_WARN_OBJC_ROOT_CLASS = YES_ERROR;
				CLANG_WARN_QUOTED_INCLUDE_IN_FRAMEWORK_HEADER = YES;
				CLANG_WARN_RANGE_LOOP_ANALYSIS = YES;
				CLANG_WARN_STRICT_PROTOTYPES = YES;
				CLANG_WARN_SUSPICIOUS_MOVE = YES;
				CLANG_WARN_UNGUARDED_AVAILABILITY = YES_AGGRESSIVE;
				CLANG_WARN_UNREACHABLE_CODE = YES;
				CLANG_WARN__DUPLICATE_METHOD_MATCH = YES;
				COPY_PHASE_STRIP = NO;
				DEBUG_INFORMATION_FORMAT = "dwarf-with-dsym";
				ENABLE_NS_ASSERTIONS = NO;
				ENABLE_STRICT_OBJC_MSGSEND = YES;
				GCC_C_LANGUAGE_STANDARD = gnu11;
				GCC_NO_COMMON_BLOCKS = YES;
				GCC_WARN_64_TO_32_BIT_CONVERSION = YES;
				GCC_WARN_ABOUT_RETURN_TYPE = YES_ERROR;
				GCC_WARN_UNDECLARED_SELECTOR = YES;
				GCC_WARN_UNINITIALIZED_AUTOS = YES_AGGRESSIVE;
				GCC_WARN_UNUSED_FUNCTION = YES;
				GCC_WARN_UNUSED_VARIABLE = YES;
				IPHONEOS_DEPLOYMENT_TARGET = 16.4;
				MTL_ENABLE_DEBUG_INFO = NO;
				MTL_FAST_MATH = YES;
				SDKROOT = iphoneos;
				SWIFT_COMPILATION_MODE = wholemodule;
				SWIFT_OPTIMIZATION_LEVEL = "-O";
				VALIDATE_PRODUCT = YES;
			};
			name = Release;
		};
		0EE0E2492A21EF9E0050A2FF /* Debug */ = {
			isa = XCBuildConfiguration;
			buildSettings = {
				ASSETCATALOG_COMPILER_APPICON_NAME = AppIcon;
				ASSETCATALOG_COMPILER_GLOBAL_ACCENT_COLOR_NAME = AccentColor;
				CODE_SIGN_STYLE = Automatic;
				CURRENT_PROJECT_VERSION = 1;
				DEVELOPMENT_ASSET_PATHS = "\"MusicKitApp/Preview Content\"";
				DEVELOPMENT_TEAM = "";
				ENABLE_PREVIEWS = YES;
				GENERATE_INFOPLIST_FILE = YES;
				INFOPLIST_KEY_NSAppleMusicUsageDescription = "ミュージックライブラリを使います";
				INFOPLIST_KEY_UIApplicationSceneManifest_Generation = YES;
				INFOPLIST_KEY_UIApplicationSupportsIndirectInputEvents = YES;
				INFOPLIST_KEY_UILaunchScreen_Generation = YES;
				INFOPLIST_KEY_UISupportedInterfaceOrientations_iPad = "UIInterfaceOrientationPortrait UIInterfaceOrientationPortraitUpsideDown UIInterfaceOrientationLandscapeLeft UIInterfaceOrientationLandscapeRight";
				INFOPLIST_KEY_UISupportedInterfaceOrientations_iPhone = "UIInterfaceOrientationPortrait UIInterfaceOrientationLandscapeLeft UIInterfaceOrientationLandscapeRight";
				LD_RUNPATH_SEARCH_PATHS = (
					"$(inherited)",
					"@executable_path/Frameworks",
				);
				MARKETING_VERSION = 1.0;
				PRODUCT_NAME = "$(TARGET_NAME)";
				SWIFT_EMIT_LOC_STRINGS = YES;
				SWIFT_VERSION = 5.0;
				TARGETED_DEVICE_FAMILY = "1,2";
			};
			name = Debug;
		};
		0EE0E24A2A21EF9E0050A2FF /* Release */ = {
			isa = XCBuildConfiguration;
			buildSettings = {
				ASSETCATALOG_COMPILER_APPICON_NAME = AppIcon;
				ASSETCATALOG_COMPILER_GLOBAL_ACCENT_COLOR_NAME = AccentColor;
				CODE_SIGN_STYLE = Automatic;
				CURRENT_PROJECT_VERSION = 1;
				DEVELOPMENT_ASSET_PATHS = "\"MusicKitApp/Preview Content\"";
				DEVELOPMENT_TEAM = "";
				ENABLE_PREVIEWS = YES;
				GENERATE_INFOPLIST_FILE = YES;
				INFOPLIST_KEY_NSAppleMusicUsageDescription = "ミュージックライブラリを使います";
				INFOPLIST_KEY_UIApplicationSceneManifest_Generation = YES;
				INFOPLIST_KEY_UIApplicationSupportsIndirectInputEvents = YES;
				INFOPLIST_KEY_UILaunchScreen_Generation = YES;
				INFOPLIST_KEY_UISupportedInterfaceOrientations_iPad = "UIInterfaceOrientationPortrait UIInterfaceOrientationPortraitUpsideDown UIInterfaceOrientationLandscapeLeft UIInterfaceOrientationLandscapeRight";
				INFOPLIST_KEY_UISupportedInterfaceOrientations_iPhone = "UIInterfaceOrientationPortrait UIInterfaceOrientationLandscapeLeft UIInterfaceOrientationLandscapeRight";
				LD_RUNPATH_SEARCH_PATHS = (
					"$(inherited)",
					"@executable_path/Frameworks",
				);
				MARKETING_VERSION = 1.0;
				PRODUCT_NAME = "$(TARGET_NAME)";
				SWIFT_EMIT_LOC_STRINGS = YES;
				SWIFT_VERSION = 5.0;
				TARGETED_DEVICE_FAMILY = "1,2";
			};
			name = Release;
		};
/* End XCBuildConfiguration section */

/* Begin XCConfigurationList section */
		0EE0E2352A21EF9E0050A2FF /* Build configuration list for PBXProject "MusicKitApp" */ = {
			isa = XCConfigurationList;
			buildConfigurations = (
				0EE0E2462A21EF9E0050A2FF /* Debug */,
				0EE0E2472A21EF9E0050A2FF /* Release */,
			);
			defaultConfigurationIsVisible = 0;
			defaultConfigurationName = Release;
		};
		0EE0E2482A21EF9E0050A2FF /* Build configuration list for PBXNativeTarget "MusicKitApp" */ = {
			isa = XCConfigurationList;
			buildConfigurations = (
				0EE0E2492A21EF9E0050A2FF /* Debug */,
				0EE0E24A2A21EF9E0050A2FF /* Release */,
			);
			defaultConfigurationIsVisible = 0;
			defaultConfigurationName = Release;
		};
/* End XCConfigurationList section */
	};
	rootObject = 0EE0E2322A21EF9E0050A2FF /* Project object */;
}
